
Microsoft Visual Studio Solution File, Format Version 12.00
# Visual Studio Version 17
VisualStudioVersion = 17.5.33424.131
MinimumVisualStudioVersion = 10.0.40219.1
Project("{9A19103F-16F7-4668-BE54-9A1E7A4F7556}") = "ApplicationAPI", "ApplicationAPI\ApplicationAPI.csproj", "{2ADD04D7-B927-48E8-B103-BC14FCC3095E}"
EndProject
Project("{FAE04EC0-301F-11D3-BF4B-00C04F79EFBC}") = "Populate", "Populate\Populate.csproj", "{96A7D436-0041-4003-A49C-5A7DBC50177D}"
EndProject
Global
	GlobalSection(SolutionConfigurationPlatforms) = preSolution
		Debug|Any CPU = Debug|Any CPU
		Release|Any CPU = Release|Any CPU
	EndGlobalSection
	GlobalSection(ProjectConfigurationPlatforms) = postSolution
		{2ADD04D7-B927-48E8-B103-BC14FCC3095E}.Debug|Any CPU.ActiveCfg = Debug|Any CPU
		{2ADD04D7-B927-48E8-B103-BC14FCC3095E}.Debug|Any CPU.Build.0 = Debug|Any CPU
		{2ADD04D7-B927-48E8-B103-BC14FCC3095E}.Release|Any CPU.ActiveCfg = Release|Any CPU
		{2ADD04D7-B927-48E8-B103-BC14FCC3095E}.Release|Any CPU.Build.0 = Release|Any CPU
		{96A7D436-0041-4003-A49C-5A7DBC50177D}.Debug|Any CPU.ActiveCfg = Debug|Any CPU
		{96A7D436-0041-4003-A49C-5A7DBC50177D}.Debug|Any CPU.Build.0 = Debug|Any CPU
		{96A7D436-0041-4003-A49C-5A7DBC50177D}.Release|Any CPU.ActiveCfg = Release|Any CPU
		{96A7D436-0041-4003-A49C-5A7DBC50177D}.Release|Any CPU.Build.0 = Release|Any CPU
	EndGlobalSection
	GlobalSection(SolutionProperties) = preSolution
		HideSolutionNode = FALSE
	EndGlobalSection
	GlobalSection(ExtensibilityGlobals) = postSolution
		SolutionGuid = {CB15B1F6-D077-41F2-B45F-E9984FB2C026}
	EndGlobalSection
EndGlobal
