
Microsoft Visual Studio Solution File, Format Version 12.00
# Visual Studio Version 16
VisualStudioVersion = 16.0.32228.343
MinimumVisualStudioVersion = 10.0.40219.1
Project("{9A19103F-16F7-4668-BE54-9A1E7A4F7556}") = "CryptoTask1", "CryptoTask1\CryptoTask1.csproj", "{63965128-6548-4823-85C6-75B7053092CE}"
EndProject
Project("{FAE04EC0-301F-11D3-BF4B-00C04F79EFBC}") = "TestProject", "TestProject\TestProject.csproj", "{202CD68B-25D8-4353-BC47-B4D10C0B93C0}"
EndProject
Global
	GlobalSection(SolutionConfigurationPlatforms) = preSolution
		Debug|Any CPU = Debug|Any CPU
		Release|Any CPU = Release|Any CPU
	EndGlobalSection
	GlobalSection(ProjectConfigurationPlatforms) = postSolution
		{63965128-6548-4823-85C6-75B7053092CE}.Debug|Any CPU.ActiveCfg = Debug|Any CPU
		{63965128-6548-4823-85C6-75B7053092CE}.Debug|Any CPU.Build.0 = Debug|Any CPU
		{63965128-6548-4823-85C6-75B7053092CE}.Release|Any CPU.ActiveCfg = Release|Any CPU
		{63965128-6548-4823-85C6-75B7053092CE}.Release|Any CPU.Build.0 = Release|Any CPU
		{202CD68B-25D8-4353-BC47-B4D10C0B93C0}.Debug|Any CPU.ActiveCfg = Debug|Any CPU
		{202CD68B-25D8-4353-BC47-B4D10C0B93C0}.Debug|Any CPU.Build.0 = Debug|Any CPU
		{202CD68B-25D8-4353-BC47-B4D10C0B93C0}.Release|Any CPU.ActiveCfg = Release|Any CPU
		{202CD68B-25D8-4353-BC47-B4D10C0B93C0}.Release|Any CPU.Build.0 = Release|Any CPU
	EndGlobalSection
	GlobalSection(SolutionProperties) = preSolution
		HideSolutionNode = FALSE
	EndGlobalSection
	GlobalSection(ExtensibilityGlobals) = postSolution
		SolutionGuid = {7F85CE5F-9F0E-44DF-A4CC-B9D175E20B29}
	EndGlobalSection
EndGlobal
